{
  "name": "@nxn/config",
  "version": "1.0.38",
  "lockfileVersion": 2,
  "requires": true,
  "packages": {
    "": {
      "name": "@nxn/config",
      "version": "1.0.38",
      "license": "ISC",
      "dependencies": {
        "@nxn/ext": "^1.0.27",
        "expression-eval": "^5.0.1",
        "js-yaml": "^3.14.1"
      }
    },
    "node_modules/@nxn/ext": {
      "version": "1.0.28",
      "resolved": "https://registry.npmjs.org/@nxn/ext/-/ext-1.0.28.tgz",
      "integrity": "sha512-BkM9DNjdoyAut5pdLQPbKUz5rTqIheN3lnJkvPnGSvWRZlZ+Kp0Pl7QhXD5F8HgrFV4u8chtFIzQfVArx7VTDQ=="
    },
    "node_modules/argparse": {
      "version": "1.0.10",
      "resolved": "https://registry.npmjs.org/argparse/-/argparse-1.0.10.tgz",
      "integrity": "sha512-o5Roy6tNG4SL/FOkCAN6RzjiakZS25RLYFrcMttJqbdd8BWrnA+fGz57iN5Pb06pvBGvl5gQ0B48dJlslXvoTg==",
      "dependencies": {
        "sprintf-js": "~1.0.2"
      }
    },
    "node_modules/esprima": {
      "version": "4.0.1",
      "resolved": "https://registry.npmjs.org/esprima/-/esprima-4.0.1.tgz",
      "integrity": "sha512-eGuFFw7Upda+g4p+QHvnW0RyTX/SVeJBDM/gCtMARO0cLuT2HcEKnTPvhjV6aGeqrCB/sbNop0Kszm0jsaWU4A==",
      "bin": {
        "esparse": "bin/esparse.js",
        "esvalidate": "bin/esvalidate.js"
      },
      "engines": {
        "node": ">=4"
      }
    },
    "node_modules/expression-eval": {
      "version": "5.0.1",
      "resolved": "https://registry.npmjs.org/expression-eval/-/expression-eval-5.0.1.tgz",
      "integrity": "sha512-7SL4miKp19lI834/F6y156xlNg+i9Q41tteuGNCq9C06S78f1bm3BXuvf0+QpQxv369Pv/P2R7Hb17hzxLpbDA==",
      "deprecated": "The expression-eval npm package is no longer maintained. The package was originally published as part of a now-completed personal project, and I do not have incentives to continue maintenance.",
      "dependencies": {
        "jsep": "^0.3.0"
      }
    },
    "node_modules/js-yaml": {
      "version": "3.14.1",
      "resolved": "https://registry.npmjs.org/js-yaml/-/js-yaml-3.14.1.tgz",
      "integrity": "sha512-okMH7OXXJ7YrN9Ok3/SXrnu4iX9yOk+25nqX4imS2npuvTYDmo/QEZoqwZkYaIDk3jVvBOTOIEgEhaLOynBS9g==",
      "dependencies": {
        "argparse": "^1.0.7",
        "esprima": "^4.0.0"
      },
      "bin": {
        "js-yaml": "bin/js-yaml.js"
      }
    },
    "node_modules/jsep": {
      "version": "0.3.5",
      "resolved": "https://registry.npmjs.org/jsep/-/jsep-0.3.5.tgz",
      "integrity": "sha512-AoRLBDc6JNnKjNcmonituEABS5bcfqDhQAWWXNTFrqu6nVXBpBAGfcoTGZMFlIrh9FjmE1CQyX9CTNwZrXMMDA==",
      "engines": {
        "node": ">= 6.0.0"
      }
    },
    "node_modules/sprintf-js": {
      "version": "1.0.3",
      "resolved": "https://registry.npmjs.org/sprintf-js/-/sprintf-js-1.0.3.tgz",
      "integrity": "sha512-D9cPgkvLlV3t3IzL0D0YLvGA9Ahk4PcvVwUbN0dSGr1aP0Nrt4AEnTUbuGvquEC0mA64Gqt1fzirlRs5ibXx8g=="
    }
  },
  "dependencies": {
    "@nxn/ext": {
      "version": "1.0.28",
      "resolved": "https://registry.npmjs.org/@nxn/ext/-/ext-1.0.28.tgz",
      "integrity": "sha512-BkM9DNjdoyAut5pdLQPbKUz5rTqIheN3lnJkvPnGSvWRZlZ+Kp0Pl7QhXD5F8HgrFV4u8chtFIzQfVArx7VTDQ=="
    },
    "argparse": {
      "version": "1.0.10",
      "resolved": "https://registry.npmjs.org/argparse/-/argparse-1.0.10.tgz",
      "integrity": "sha512-o5Roy6tNG4SL/FOkCAN6RzjiakZS25RLYFrcMttJqbdd8BWrnA+fGz57iN5Pb06pvBGvl5gQ0B48dJlslXvoTg==",
      "requires": {
        "sprintf-js": "~1.0.2"
      }
    },
    "esprima": {
      "version": "4.0.1",
      "resolved": "https://registry.npmjs.org/esprima/-/esprima-4.0.1.tgz",
      "integrity": "sha512-eGuFFw7Upda+g4p+QHvnW0RyTX/SVeJBDM/gCtMARO0cLuT2HcEKnTPvhjV6aGeqrCB/sbNop0Kszm0jsaWU4A=="
    },
    "expression-eval": {
      "version": "5.0.1",
      "resolved": "https://registry.npmjs.org/expression-eval/-/expression-eval-5.0.1.tgz",
      "integrity": "sha512-7SL4miKp19lI834/F6y156xlNg+i9Q41tteuGNCq9C06S78f1bm3BXuvf0+QpQxv369Pv/P2R7Hb17hzxLpbDA==",
      "requires": {
        "jsep": "^0.3.0"
      }
    },
    "js-yaml": {
      "version": "3.14.1",
      "resolved": "https://registry.npmjs.org/js-yaml/-/js-yaml-3.14.1.tgz",
      "integrity": "sha512-okMH7OXXJ7YrN9Ok3/SXrnu4iX9yOk+25nqX4imS2npuvTYDmo/QEZoqwZkYaIDk3jVvBOTOIEgEhaLOynBS9g==",
      "requires": {
        "argparse": "^1.0.7",
        "esprima": "^4.0.0"
      }
    },
    "jsep": {
      "version": "0.3.5",
      "resolved": "https://registry.npmjs.org/jsep/-/jsep-0.3.5.tgz",
      "integrity": "sha512-AoRLBDc6JNnKjNcmonituEABS5bcfqDhQAWWXNTFrqu6nVXBpBAGfcoTGZMFlIrh9FjmE1CQyX9CTNwZrXMMDA=="
    },
    "sprintf-js": {
      "version": "1.0.3",
      "resolved": "https://registry.npmjs.org/sprintf-js/-/sprintf-js-1.0.3.tgz",
      "integrity": "sha512-D9cPgkvLlV3t3IzL0D0YLvGA9Ahk4PcvVwUbN0dSGr1aP0Nrt4AEnTUbuGvquEC0mA64Gqt1fzirlRs5ibXx8g=="
    }
  }
}
